
Microsoft Visual Studio Solution File, Format Version 12.00
# Visual Studio Version 17
VisualStudioVersion = 17.4.33110.190
MinimumVisualStudioVersion = 10.0.40219.1
Project("{FAE04EC0-301F-11D3-BF4B-00C04F79EFBC}") = "ATVD", "ATVD\ATVD.csproj", "{AF876245-C2C1-416E-8A02-84DB97AD8FE2}"
EndProject
Global
	GlobalSection(SolutionConfigurationPlatforms) = preSolution
		Debug|Any CPU = Debug|Any CPU
		Release|Any CPU = Release|Any CPU
	EndGlobalSection
	GlobalSection(ProjectConfigurationPlatforms) = postSolution
		{AF876245-C2C1-416E-8A02-84DB97AD8FE2}.Debug|Any CPU.ActiveCfg = Debug|Any CPU
		{AF876245-C2C1-416E-8A02-84DB97AD8FE2}.Debug|Any CPU.Build.0 = Debug|Any CPU
		{AF876245-C2C1-416E-8A02-84DB97AD8FE2}.Release|Any CPU.ActiveCfg = Release|Any CPU
		{AF876245-C2C1-416E-8A02-84DB97AD8FE2}.Release|Any CPU.Build.0 = Release|Any CPU
	EndGlobalSection
	GlobalSection(SolutionProperties) = preSolution
		HideSolutionNode = FALSE
	EndGlobalSection
	GlobalSection(ExtensibilityGlobals) = postSolution
		SolutionGuid = {0F8EE615-1F84-448C-BC39-9ECEA59DDDA7}
	EndGlobalSection
EndGlobal
